
Microsoft Visual Studio Solution File, Format Version 12.00
# Visual Studio Version 17
VisualStudioVersion = 17.1.32328.378
MinimumVisualStudioVersion = 10.0.40219.1
Project("{FAE04EC0-301F-11D3-BF4B-00C04F79EFBC}") = "SpecFlowProject", "SpecFlowProject\SpecFlowProject.csproj", "{D733FA9F-180B-4CDE-B74B-D3B8FB5A168E}"
EndProject
Global
	GlobalSection(SolutionConfigurationPlatforms) = preSolution
		Debug|Any CPU = Debug|Any CPU
		Release|Any CPU = Release|Any CPU
	EndGlobalSection
	GlobalSection(ProjectConfigurationPlatforms) = postSolution
		{D733FA9F-180B-4CDE-B74B-D3B8FB5A168E}.Debug|Any CPU.ActiveCfg = Debug|Any CPU
		{D733FA9F-180B-4CDE-B74B-D3B8FB5A168E}.Debug|Any CPU.Build.0 = Debug|Any CPU
		{D733FA9F-180B-4CDE-B74B-D3B8FB5A168E}.Release|Any CPU.ActiveCfg = Release|Any CPU
		{D733FA9F-180B-4CDE-B74B-D3B8FB5A168E}.Release|Any CPU.Build.0 = Release|Any CPU
	EndGlobalSection
	GlobalSection(SolutionProperties) = preSolution
		HideSolutionNode = FALSE
	EndGlobalSection
	GlobalSection(ExtensibilityGlobals) = postSolution
		SolutionGuid = {1F1104E4-EDF8-43D1-8BD8-CEA1A4164F9E}
	EndGlobalSection
EndGlobal
